
Microsoft Visual Studio Solution File, Format Version 12.00
# Visual Studio Version 17
VisualStudioVersion = 17.11.35303.130
MinimumVisualStudioVersion = 10.0.40219.1
Project("{FAE04EC0-301F-11D3-BF4B-00C04F79EFBC}") = "Task3", "Task3\Task3.csproj", "{1F310EA1-2731-4260-8385-D9C63D277C02}"
EndProject
Global
	GlobalSection(SolutionConfigurationPlatforms) = preSolution
		Debug|Any CPU = Debug|Any CPU
		Release|Any CPU = Release|Any CPU
	EndGlobalSection
	GlobalSection(ProjectConfigurationPlatforms) = postSolution
		{1F310EA1-2731-4260-8385-D9C63D277C02}.Debug|Any CPU.ActiveCfg = Debug|Any CPU
		{1F310EA1-2731-4260-8385-D9C63D277C02}.Debug|Any CPU.Build.0 = Debug|Any CPU
		{1F310EA1-2731-4260-8385-D9C63D277C02}.Release|Any CPU.ActiveCfg = Release|Any CPU
		{1F310EA1-2731-4260-8385-D9C63D277C02}.Release|Any CPU.Build.0 = Release|Any CPU
	EndGlobalSection
	GlobalSection(SolutionProperties) = preSolution
		HideSolutionNode = FALSE
	EndGlobalSection
	GlobalSection(ExtensibilityGlobals) = postSolution
		SolutionGuid = {CF5FE9A9-C769-4CE8-B927-4F6DFC49854E}
	EndGlobalSection
EndGlobal
